// !$*UTF8*$!
{
	archiveVersion = 1;
	classes = {
	};
	objectVersion = 77;
	objects = {

/* Begin PBXBuildFile section */
		3310A48B2DEE9F2D00EBBA15 /* QuoteReader.swift in Sources */ = {isa = PBXBuildFile; fileRef = 3310A48A2DEE9F2900EBBA15 /* QuoteReader.swift */; };
		3310A48C2DEE9F2D00EBBA15 /* QuoteReader.swift in Sources */ = {isa = PBXBuildFile; fileRef = 3310A48A2DEE9F2900EBBA15 /* QuoteReader.swift */; };
		3310A48E2DEF606A00EBBA15 /* FileReader.swift in Sources */ = {isa = PBXBuildFile; fileRef = 3310A48D2DEF606700EBBA15 /* FileReader.swift */; };
		3310A48F2DEF606A00EBBA15 /* FileReader.swift in Sources */ = {isa = PBXBuildFile; fileRef = 3310A48D2DEF606700EBBA15 /* FileReader.swift */; };
		33182E082DD58B6000A82202 /* HomescreenVerseWidget.swift in Sources */ = {isa = PBXBuildFile; fileRef = 33182E052DD5893A00A82202 /* HomescreenVerseWidget.swift */; };
		33182E0C2DD58E4100A82202 /* VerseWidgetProvider.swift in Sources */ = {isa = PBXBuildFile; fileRef = 33182E092DD58B7400A82202 /* VerseWidgetProvider.swift */; };
		33440B3C2D263E8A007321E2 /* WidgetKit.framework in Frameworks */ = {isa = PBXBuildFile; fileRef = 33440B3B2D263E89007321E2 /* WidgetKit.framework */; };
		33440B3E2D263E8A007321E2 /* SwiftUI.framework in Frameworks */ = {isa = PBXBuildFile; fileRef = 33440B3D2D263E8A007321E2 /* SwiftUI.framework */; };
		33440B4B2D263E8E007321E2 /* Widgets.appex in Embed Foundation Extensions */ = {isa = PBXBuildFile; fileRef = 33440B392D263E89007321E2 /* Widgets.appex */; settings = {ATTRIBUTES = (RemoveHeadersOnCopy, ); }; };
		334762CE2D4F5A3C0078FCB4 /* Preview Assets.xcassets in Resources */ = {isa = PBXBuildFile; fileRef = 334762C62D4F5A3C0078FCB4 /* Preview Assets.xcassets */; };
		334762CF2D4F5A3C0078FCB4 /* Assets.xcassets in Resources */ = {isa = PBXBuildFile; fileRef = 334762C82D4F5A3C0078FCB4 /* Assets.xcassets */; };
		334762D02D4F5A3C0078FCB4 /* BhagavadGitaApp.swift in Sources */ = {isa = PBXBuildFile; fileRef = 334762C92D4F5A3C0078FCB4 /* BhagavadGitaApp.swift */; };
		334762D12D4F5A3C0078FCB4 /* VerseView.swift in Sources */ = {isa = PBXBuildFile; fileRef = 334762CB2D4F5A3C0078FCB4 /* VerseView.swift */; };
		334762D92D4F5B1B0078FCB4 /* Assets.xcassets in Resources */ = {isa = PBXBuildFile; fileRef = 334762D22D4F5B1B0078FCB4 /* Assets.xcassets */; };
		334762DA2D4F5B1B0078FCB4 /* WidgetBundle.swift in Sources */ = {isa = PBXBuildFile; fileRef = 334762D62D4F5B1B0078FCB4 /* WidgetBundle.swift */; };
		334762DB2D4F5B1B0078FCB4 /* LockscreenQuoteWidget.swift in Sources */ = {isa = PBXBuildFile; fileRef = 334762D52D4F5B1B0078FCB4 /* LockscreenQuoteWidget.swift */; };
		334762DC2D4F5B1B0078FCB4 /* ControlWidget.swift in Sources */ = {isa = PBXBuildFile; fileRef = 334762D32D4F5B1B0078FCB4 /* ControlWidget.swift */; };
		334762EB2D5071400078FCB4 /* App Intent Extension.appex in Embed ExtensionKit Extensions */ = {isa = PBXBuildFile; fileRef = 334762E22D5071400078FCB4 /* App Intent Extension.appex */; settings = {ATTRIBUTES = (RemoveHeadersOnCopy, ); }; };
		335445C42DE42E68000D38E2 /* Algorithms in Frameworks */ = {isa = PBXBuildFile; productRef = 335445C32DE42E68000D38E2 /* Algorithms */; };
		335445C52DE42EF0000D38E2 /* BookmarkedVersesModel.swift in Sources */ = {isa = PBXBuildFile; fileRef = 339B0B032DE0267F00BFC39D /* BookmarkedVersesModel.swift */; };
		335445C72DE42F1A000D38E2 /* Algorithms in Frameworks */ = {isa = PBXBuildFile; productRef = 335445C62DE42F1A000D38E2 /* Algorithms */; };
		337BB69A2DCD9B3200F5EF82 /* DeeplinkCoordinator.swift in Sources */ = {isa = PBXBuildFile; fileRef = 3360D5532DC5C47100FC57B0 /* DeeplinkCoordinator.swift */; };
		337BB69B2DCD9B5E00F5EF82 /* DeeplinkConstants.swift in Sources */ = {isa = PBXBuildFile; fileRef = 3360D54F2DC5C33E00FC57B0 /* DeeplinkConstants.swift */; };
		337BB69C2DCD9B7C00F5EF82 /* DeeplinkConstants.swift in Sources */ = {isa = PBXBuildFile; fileRef = 3360D54F2DC5C33E00FC57B0 /* DeeplinkConstants.swift */; };
		337BB69D2DCD9B7C00F5EF82 /* DeeplinkConstants.swift in Sources */ = {isa = PBXBuildFile; fileRef = 3360D54F2DC5C33E00FC57B0 /* DeeplinkConstants.swift */; };
		339B0B052DE0268500BFC39D /* BookmarkedVersesModel.swift in Sources */ = {isa = PBXBuildFile; fileRef = 339B0B032DE0267F00BFC39D /* BookmarkedVersesModel.swift */; };
		339B0B0F2DE0307600BFC39D /* EBGaramond-VariableFont_wght.ttf in Resources */ = {isa = PBXBuildFile; fileRef = 339B0B062DE0307600BFC39D /* EBGaramond-VariableFont_wght.ttf */; };
		339B0B102DE0307600BFC39D /* verses-formatted.json in Resources */ = {isa = PBXBuildFile; fileRef = 339B0B0C2DE0307600BFC39D /* verses-formatted.json */; };
		339B0B112DE0307600BFC39D /* Verses.swift in Sources */ = {isa = PBXBuildFile; fileRef = 339B0B0B2DE0307600BFC39D /* Verses.swift */; };
		339B0B122DE0307600BFC39D /* Colors.swift in Sources */ = {isa = PBXBuildFile; fileRef = 339B0B0A2DE0307600BFC39D /* Colors.swift */; };
		339B0B132DE0307600BFC39D /* VersesInfo.swift in Sources */ = {isa = PBXBuildFile; fileRef = 339B0B0D2DE0307600BFC39D /* VersesInfo.swift */; };
		339B0B142DE0307600BFC39D /* Fonts.swift in Sources */ = {isa = PBXBuildFile; fileRef = 339B0B082DE0307600BFC39D /* Fonts.swift */; };
		339B0B152DE0307600BFC39D /* Verses.swift in Sources */ = {isa = PBXBuildFile; fileRef = 339B0B0B2DE0307600BFC39D /* Verses.swift */; };
		339B0B162DE0307600BFC39D /* Colors.swift in Sources */ = {isa = PBXBuildFile; fileRef = 339B0B0A2DE0307600BFC39D /* Colors.swift */; };
		339B0B172DE0307600BFC39D /* VersesInfo.swift in Sources */ = {isa = PBXBuildFile; fileRef = 339B0B0D2DE0307600BFC39D /* VersesInfo.swift */; };
		339B0B182DE0307600BFC39D /* Fonts.swift in Sources */ = {isa = PBXBuildFile; fileRef = 339B0B082DE0307600BFC39D /* Fonts.swift */; };
		339B0B192DE0307600BFC39D /* EBGaramond-VariableFont_wght.ttf in Resources */ = {isa = PBXBuildFile; fileRef = 339B0B062DE0307600BFC39D /* EBGaramond-VariableFont_wght.ttf */; };
		339B0B1A2DE0307600BFC39D /* verses-formatted.json in Resources */ = {isa = PBXBuildFile; fileRef = 339B0B0C2DE0307600BFC39D /* verses-formatted.json */; };
		33A7D3E72DD97D7500900DFF /* LockscreenEasyViewQuoteWidget.swift in Sources */ = {isa = PBXBuildFile; fileRef = 33A7D3E62DD97D7500900DFF /* LockscreenEasyViewQuoteWidget.swift */; };
		33B4A9F52D2DF2A700AE1044 /* VersesReader.swift in Sources */ = {isa = PBXBuildFile; fileRef = 33B4A9F32D2DF2A300AE1044 /* VersesReader.swift */; };
		33B4A9F62D2DF2A700AE1044 /* VersesReader.swift in Sources */ = {isa = PBXBuildFile; fileRef = 33B4A9F32D2DF2A300AE1044 /* VersesReader.swift */; };
		33DB9A692DF6BAF900DB8935 /* QuoteWidgetProvider.swift in Sources */ = {isa = PBXBuildFile; fileRef = 33DB9A682DF6BAF300DB8935 /* QuoteWidgetProvider.swift */; };
		33DB9A6B2DF6BD0F00DB8935 /* HomescreenQuoteWidget.swift in Sources */ = {isa = PBXBuildFile; fileRef = 33DB9A6A2DF6BD0F00DB8935 /* HomescreenQuoteWidget.swift */; };
		33E6E6B32DEE7BDE005B80E6 /* quotes-formatted.json in Resources */ = {isa = PBXBuildFile; fileRef = 33E6E6B22DEE7BDE005B80E6 /* quotes-formatted.json */; };
		33E6E6B42DEE7BDE005B80E6 /* quotes-formatted.json in Resources */ = {isa = PBXBuildFile; fileRef = 33E6E6B22DEE7BDE005B80E6 /* quotes-formatted.json */; };
		33FF16CC2D28FA83006E9888 /* QuoteModel.swift in Sources */ = {isa = PBXBuildFile; fileRef = 33FF16CB2D28FA67006E9888 /* QuoteModel.swift */; };
		33FF16D02D28FD5C006E9888 /* QuoteModel.swift in Sources */ = {isa = PBXBuildFile; fileRef = 33FF16CB2D28FA67006E9888 /* QuoteModel.swift */; };
		366F74DA2E62A80F0013079A /* tokenizer_config_retriever.json in Resources */ = {isa = PBXBuildFile; fileRef = 366F74B82E62A80F0013079A /* tokenizer_config_retriever.json */; };
		366F74DB2E62A80F0013079A /* vocab_retriever.txt in Resources */ = {isa = PBXBuildFile; fileRef = 366F74BA2E62A80F0013079A /* vocab_retriever.txt */; };
		366F74DC2E62A80F0013079A /* tokenizer_config_ce.json in Resources */ = {isa = PBXBuildFile; fileRef = 366F74AD2E62A80F0013079A /* tokenizer_config_ce.json */; };
		366F74DD2E62A80F0013079A /* vocab_ce.txt in Resources */ = {isa = PBXBuildFile; fileRef = 366F74AE2E62A80F0013079A /* vocab_ce.txt */; };
		366F74DE2E62A80F0013079A /* lessons_meta.json in Resources */ = {isa = PBXBuildFile; fileRef = 366F74B22E62A80F0013079A /* lessons_meta.json */; };
		366F74DF2E62A80F0013079A /* lessons_f32.bin in Resources */ = {isa = PBXBuildFile; fileRef = 366F74B12E62A80F0013079A /* lessons_f32.bin */; };
		366F74E02E62A80F0013079A /* tokenizer_retriever.json in Resources */ = {isa = PBXBuildFile; fileRef = 366F74B92E62A80F0013079A /* tokenizer_retriever.json */; };
		366F74E12E62A80F0013079A /* special_tokens_map_retriever.json in Resources */ = {isa = PBXBuildFile; fileRef = 366F74B72E62A80F0013079A /* special_tokens_map_retriever.json */; };
		366F74E22E62A80F0013079A /* special_tokens_map_ce.json in Resources */ = {isa = PBXBuildFile; fileRef = 366F74AB2E62A80F0013079A /* special_tokens_map_ce.json */; };
		366F74E32E62A80F0013079A /* tokenizer_ce.json in Resources */ = {isa = PBXBuildFile; fileRef = 366F74AC2E62A80F0013079A /* tokenizer_ce.json */; };
		366F74E42E62A80F0013079A /* MiniLMReranker.swift in Sources */ = {isa = PBXBuildFile; fileRef = 366F74C12E62A80F0013079A /* MiniLMReranker.swift */; };
		366F74E52E62A80F0013079A /* PairWordPieceTokenizer.swift in Sources */ = {isa = PBXBuildFile; fileRef = 366F74C22E62A80F0013079A /* PairWordPieceTokenizer.swift */; };
		366F74E62E62A80F0013079A /* E5SmallV2.mlpackage in Sources */ = {isa = PBXBuildFile; fileRef = 366F74B52E62A80F0013079A /* E5SmallV2.mlpackage */; };
		366F74E82E62A80F0013079A /* LessonSearchHelper.swift in Sources */ = {isa = PBXBuildFile; fileRef = 366F74C02E62A80F0013079A /* LessonSearchHelper.swift */; };
		366F74E92E62A80F0013079A /* RetrieverWordPieceTokenizer.swift in Sources */ = {isa = PBXBuildFile; fileRef = 366F74C32E62A80F0013079A /* RetrieverWordPieceTokenizer.swift */; };
		366F74EA2E62A80F0013079A /* LessonEmbeddingIndex.swift in Sources */ = {isa = PBXBuildFile; fileRef = 366F74BF2E62A80F0013079A /* LessonEmbeddingIndex.swift */; };
		366F74EB2E62A80F0013079A /* MiniLML6CE.mlpackage in Sources */ = {isa = PBXBuildFile; fileRef = 366F74A92E62A80F0013079A /* MiniLML6CE.mlpackage */; };
		366F74EC2E62A80F0013079A /* E5RetrieverEmbedder.swift in Sources */ = {isa = PBXBuildFile; fileRef = 366F74BE2E62A80F0013079A /* E5RetrieverEmbedder.swift */; };
		366F74ED2E62A80F0013079A /* RetrieverEmbeddingIndex.swift in Sources */ = {isa = PBXBuildFile; fileRef = 366F74BC2E62A80F0013079A /* RetrieverEmbeddingIndex.swift */; };
/* End PBXBuildFile section */

/* Begin PBXContainerItemProxy section */
		33440B492D263E8E007321E2 /* PBXContainerItemProxy */ = {
			isa = PBXContainerItemProxy;
			containerPortal = 33440B1C2D263D6E007321E2 /* Project object */;
			proxyType = 1;
			remoteGlobalIDString = 33440B382D263E89007321E2;
			remoteInfo = exampleExtension;
		};
		334762E92D5071400078FCB4 /* PBXContainerItemProxy */ = {
			isa = PBXContainerItemProxy;
			containerPortal = 33440B1C2D263D6E007321E2 /* Project object */;
			proxyType = 1;
			remoteGlobalIDString = 334762E12D5071400078FCB4;
			remoteInfo = "App Intent Extension";
		};
/* End PBXContainerItemProxy section */

/* Begin PBXCopyFilesBuildPhase section */
		33440B502D263E8E007321E2 /* Embed Foundation Extensions */ = {
			isa = PBXCopyFilesBuildPhase;
			buildActionMask = 12;
			dstPath = "";
			dstSubfolderSpec = 13;
			files = (
				33440B4B2D263E8E007321E2 /* Widgets.appex in Embed Foundation Extensions */,
			);
			name = "Embed Foundation Extensions";
			runOnlyForDeploymentPostprocessing = 0;
		};
		334762F02D5071400078FCB4 /* Embed ExtensionKit Extensions */ = {
			isa = PBXCopyFilesBuildPhase;
			buildActionMask = 2147483647;
			dstPath = "$(EXTENSIONS_FOLDER_PATH)";
			dstSubfolderSpec = 16;
			files = (
				334762EB2D5071400078FCB4 /* App Intent Extension.appex in Embed ExtensionKit Extensions */,
			);
			name = "Embed ExtensionKit Extensions";
			runOnlyForDeploymentPostprocessing = 0;
		};
		3360D54E2DC5C33500FC57B0 /* Embed Frameworks */ = {
			isa = PBXCopyFilesBuildPhase;
			buildActionMask = 2147483647;
			dstPath = "";
			dstSubfolderSpec = 10;
			files = (
			);
			name = "Embed Frameworks";
			runOnlyForDeploymentPostprocessing = 0;
		};
/* End PBXCopyFilesBuildPhase section */

/* Begin PBXFileReference section */
		3310A48A2DEE9F2900EBBA15 /* QuoteReader.swift */ = {isa = PBXFileReference; lastKnownFileType = sourcecode.swift; path = QuoteReader.swift; sourceTree = "<group>"; };
		3310A48D2DEF606700EBBA15 /* FileReader.swift */ = {isa = PBXFileReference; lastKnownFileType = sourcecode.swift; path = FileReader.swift; sourceTree = "<group>"; };
		33182E052DD5893A00A82202 /* HomescreenVerseWidget.swift */ = {isa = PBXFileReference; lastKnownFileType = sourcecode.swift; path = HomescreenVerseWidget.swift; sourceTree = "<group>"; };
		33182E092DD58B7400A82202 /* VerseWidgetProvider.swift */ = {isa = PBXFileReference; lastKnownFileType = sourcecode.swift; path = VerseWidgetProvider.swift; sourceTree = "<group>"; };
		33440B242D263D6E007321E2 /* Bhagavad Gita Verses.app */ = {isa = PBXFileReference; explicitFileType = wrapper.application; includeInIndex = 0; path = "Bhagavad Gita Verses.app"; sourceTree = BUILT_PRODUCTS_DIR; };
		33440B392D263E89007321E2 /* Widgets.appex */ = {isa = PBXFileReference; explicitFileType = "wrapper.app-extension"; includeInIndex = 0; path = Widgets.appex; sourceTree = BUILT_PRODUCTS_DIR; };
		33440B3B2D263E89007321E2 /* WidgetKit.framework */ = {isa = PBXFileReference; lastKnownFileType = wrapper.framework; name = WidgetKit.framework; path = System/Library/Frameworks/WidgetKit.framework; sourceTree = SDKROOT; };
		33440B3D2D263E8A007321E2 /* SwiftUI.framework */ = {isa = PBXFileReference; lastKnownFileType = wrapper.framework; name = SwiftUI.framework; path = System/Library/Frameworks/SwiftUI.framework; sourceTree = SDKROOT; };
		334762C62D4F5A3C0078FCB4 /* Preview Assets.xcassets */ = {isa = PBXFileReference; lastKnownFileType = folder.assetcatalog; path = "Preview Assets.xcassets"; sourceTree = "<group>"; };
		334762C82D4F5A3C0078FCB4 /* Assets.xcassets */ = {isa = PBXFileReference; lastKnownFileType = folder.assetcatalog; path = Assets.xcassets; sourceTree = "<group>"; };
		334762C92D4F5A3C0078FCB4 /* BhagavadGitaApp.swift */ = {isa = PBXFileReference; lastKnownFileType = sourcecode.swift; path = BhagavadGitaApp.swift; sourceTree = "<group>"; };
		334762CA2D4F5A3C0078FCB4 /* Info.plist */ = {isa = PBXFileReference; lastKnownFileType = text.plist.xml; path = Info.plist; sourceTree = "<group>"; };
		334762CB2D4F5A3C0078FCB4 /* VerseView.swift */ = {isa = PBXFileReference; lastKnownFileType = sourcecode.swift; path = VerseView.swift; sourceTree = "<group>"; };
		334762D22D4F5B1B0078FCB4 /* Assets.xcassets */ = {isa = PBXFileReference; lastKnownFileType = folder.assetcatalog; path = Assets.xcassets; sourceTree = "<group>"; };
		334762D32D4F5B1B0078FCB4 /* ControlWidget.swift */ = {isa = PBXFileReference; lastKnownFileType = sourcecode.swift; path = ControlWidget.swift; sourceTree = "<group>"; };
		334762D42D4F5B1B0078FCB4 /* Info.plist */ = {isa = PBXFileReference; lastKnownFileType = text.plist.xml; path = Info.plist; sourceTree = "<group>"; };
		334762D52D4F5B1B0078FCB4 /* LockscreenQuoteWidget.swift */ = {isa = PBXFileReference; lastKnownFileType = sourcecode.swift; path = LockscreenQuoteWidget.swift; sourceTree = "<group>"; };
		334762D62D4F5B1B0078FCB4 /* WidgetBundle.swift */ = {isa = PBXFileReference; lastKnownFileType = sourcecode.swift; path = WidgetBundle.swift; sourceTree = "<group>"; };
		334762E22D5071400078FCB4 /* App Intent Extension.appex */ = {isa = PBXFileReference; explicitFileType = "wrapper.extensionkit-extension"; includeInIndex = 0; path = "App Intent Extension.appex"; sourceTree = BUILT_PRODUCTS_DIR; };
		3360D54F2DC5C33E00FC57B0 /* DeeplinkConstants.swift */ = {isa = PBXFileReference; lastKnownFileType = sourcecode.swift; path = DeeplinkConstants.swift; sourceTree = "<group>"; };
		3360D5532DC5C47100FC57B0 /* DeeplinkCoordinator.swift */ = {isa = PBXFileReference; lastKnownFileType = sourcecode.swift; path = DeeplinkCoordinator.swift; sourceTree = "<group>"; };
		339B0B032DE0267F00BFC39D /* BookmarkedVersesModel.swift */ = {isa = PBXFileReference; lastKnownFileType = sourcecode.swift; path = BookmarkedVersesModel.swift; sourceTree = "<group>"; };
		339B0B062DE0307600BFC39D /* EBGaramond-VariableFont_wght.ttf */ = {isa = PBXFileReference; lastKnownFileType = file; path = "EBGaramond-VariableFont_wght.ttf"; sourceTree = "<group>"; };
		339B0B082DE0307600BFC39D /* Fonts.swift */ = {isa = PBXFileReference; lastKnownFileType = sourcecode.swift; path = Fonts.swift; sourceTree = "<group>"; };
		339B0B0A2DE0307600BFC39D /* Colors.swift */ = {isa = PBXFileReference; lastKnownFileType = sourcecode.swift; path = Colors.swift; sourceTree = "<group>"; };
		339B0B0B2DE0307600BFC39D /* Verses.swift */ = {isa = PBXFileReference; lastKnownFileType = sourcecode.swift; path = Verses.swift; sourceTree = "<group>"; };
		339B0B0C2DE0307600BFC39D /* verses-formatted.json */ = {isa = PBXFileReference; lastKnownFileType = text.json; path = "verses-formatted.json"; sourceTree = "<group>"; };
		339B0B0D2DE0307600BFC39D /* VersesInfo.swift */ = {isa = PBXFileReference; lastKnownFileType = sourcecode.swift; path = VersesInfo.swift; sourceTree = "<group>"; };
		33A7D3E62DD97D7500900DFF /* LockscreenEasyViewQuoteWidget.swift */ = {isa = PBXFileReference; lastKnownFileType = sourcecode.swift; path = LockscreenEasyViewQuoteWidget.swift; sourceTree = "<group>"; };
		33B4A9F32D2DF2A300AE1044 /* VersesReader.swift */ = {isa = PBXFileReference; lastKnownFileType = sourcecode.swift; path = VersesReader.swift; sourceTree = "<group>"; };
		33DB9A682DF6BAF300DB8935 /* QuoteWidgetProvider.swift */ = {isa = PBXFileReference; lastKnownFileType = sourcecode.swift; path = QuoteWidgetProvider.swift; sourceTree = "<group>"; };
		33DB9A6A2DF6BD0F00DB8935 /* HomescreenQuoteWidget.swift */ = {isa = PBXFileReference; lastKnownFileType = sourcecode.swift; path = HomescreenQuoteWidget.swift; sourceTree = "<group>"; };
		33E6E6B22DEE7BDE005B80E6 /* quotes-formatted.json */ = {isa = PBXFileReference; lastKnownFileType = text.json; path = "quotes-formatted.json"; sourceTree = "<group>"; };
		33FF16CB2D28FA67006E9888 /* QuoteModel.swift */ = {isa = PBXFileReference; lastKnownFileType = sourcecode.swift; path = QuoteModel.swift; sourceTree = "<group>"; };
		366F74A92E62A80F0013079A /* MiniLML6CE.mlpackage */ = {isa = PBXFileReference; lastKnownFileType = folder.mlpackage; path = MiniLML6CE.mlpackage; sourceTree = "<group>"; };
		366F74AB2E62A80F0013079A /* special_tokens_map_ce.json */ = {isa = PBXFileReference; lastKnownFileType = text.json; path = special_tokens_map_ce.json; sourceTree = "<group>"; };
		366F74AC2E62A80F0013079A /* tokenizer_ce.json */ = {isa = PBXFileReference; lastKnownFileType = text.json; path = tokenizer_ce.json; sourceTree = "<group>"; };
		366F74AD2E62A80F0013079A /* tokenizer_config_ce.json */ = {isa = PBXFileReference; lastKnownFileType = text.json; path = tokenizer_config_ce.json; sourceTree = "<group>"; };
		366F74AE2E62A80F0013079A /* vocab_ce.txt */ = {isa = PBXFileReference; lastKnownFileType = text; path = vocab_ce.txt; sourceTree = "<group>"; };
		366F74B12E62A80F0013079A /* lessons_f32.bin */ = {isa = PBXFileReference; lastKnownFileType = archive.macbinary; path = lessons_f32.bin; sourceTree = "<group>"; };
		366F74B22E62A80F0013079A /* lessons_meta.json */ = {isa = PBXFileReference; lastKnownFileType = text.json; path = lessons_meta.json; sourceTree = "<group>"; };
		366F74B42E62A80F0013079A /* E5Embedder.swift */ = {isa = PBXFileReference; lastKnownFileType = sourcecode.swift; path = E5Embedder.swift; sourceTree = "<group>"; };
		366F74B52E62A80F0013079A /* E5SmallV2.mlpackage */ = {isa = PBXFileReference; lastKnownFileType = folder.mlpackage; path = E5SmallV2.mlpackage; sourceTree = "<group>"; };
		366F74B72E62A80F0013079A /* special_tokens_map_retriever.json */ = {isa = PBXFileReference; lastKnownFileType = text.json; path = special_tokens_map_retriever.json; sourceTree = "<group>"; };
		366F74B82E62A80F0013079A /* tokenizer_config_retriever.json */ = {isa = PBXFileReference; lastKnownFileType = text.json; path = tokenizer_config_retriever.json; sourceTree = "<group>"; };
		366F74B92E62A80F0013079A /* tokenizer_retriever.json */ = {isa = PBXFileReference; lastKnownFileType = text.json; path = tokenizer_retriever.json; sourceTree = "<group>"; };
		366F74BA2E62A80F0013079A /* vocab_retriever.txt */ = {isa = PBXFileReference; lastKnownFileType = text; path = vocab_retriever.txt; sourceTree = "<group>"; };
		366F74BC2E62A80F0013079A /* RetrieverEmbeddingIndex.swift */ = {isa = PBXFileReference; lastKnownFileType = sourcecode.swift; path = RetrieverEmbeddingIndex.swift; sourceTree = "<group>"; };
		366F74BE2E62A80F0013079A /* E5RetrieverEmbedder.swift */ = {isa = PBXFileReference; lastKnownFileType = sourcecode.swift; path = E5RetrieverEmbedder.swift; sourceTree = "<group>"; };
		366F74BF2E62A80F0013079A /* LessonEmbeddingIndex.swift */ = {isa = PBXFileReference; lastKnownFileType = sourcecode.swift; path = LessonEmbeddingIndex.swift; sourceTree = "<group>"; };
		366F74C02E62A80F0013079A /* LessonSearchHelper.swift */ = {isa = PBXFileReference; lastKnownFileType = sourcecode.swift; path = LessonSearchHelper.swift; sourceTree = "<group>"; };
		366F74C12E62A80F0013079A /* MiniLMReranker.swift */ = {isa = PBXFileReference; lastKnownFileType = sourcecode.swift; path = MiniLMReranker.swift; sourceTree = "<group>"; };
		366F74C22E62A80F0013079A /* PairWordPieceTokenizer.swift */ = {isa = PBXFileReference; lastKnownFileType = sourcecode.swift; path = PairWordPieceTokenizer.swift; sourceTree = "<group>"; };
		366F74C32E62A80F0013079A /* RetrieverWordPieceTokenizer.swift */ = {isa = PBXFileReference; lastKnownFileType = sourcecode.swift; path = RetrieverWordPieceTokenizer.swift; sourceTree = "<group>"; };
/* End PBXFileReference section */

/* Begin PBXFileSystemSynchronizedBuildFileExceptionSet section */
		331940112DCFEFE7005051B0 /* Exceptions for "App Intent Extension" folder in "Widgets" target */ = {
			isa = PBXFileSystemSynchronizedBuildFileExceptionSet;
			membershipExceptions = (
				App_Intent_Extension.swift,
			);
			target = 33440B382D263E89007321E2 /* Widgets */;
		};
		334762EC2D5071400078FCB4 /* Exceptions for "App Intent Extension" folder in "App Intent Extension" target */ = {
			isa = PBXFileSystemSynchronizedBuildFileExceptionSet;
			membershipExceptions = (
				App_Intent_Extension.swift,
				Info.plist,
			);
			target = 334762E12D5071400078FCB4 /* App Intent Extension */;
		};
		334763162D5184DF0078FCB4 /* Exceptions for "App Intent Extension" folder in "Bhagavad Gita Verses" target */ = {
			isa = PBXFileSystemSynchronizedBuildFileExceptionSet;
			membershipExceptions = (
				App_Intent_Extension.swift,
			);
			target = 33440B232D263D6E007321E2 /* Bhagavad Gita Verses */;
		};
/* End PBXFileSystemSynchronizedBuildFileExceptionSet section */

/* Begin PBXFileSystemSynchronizedRootGroup section */
		334762E32D5071400078FCB4 /* App Intent Extension */ = {
			isa = PBXFileSystemSynchronizedRootGroup;
			exceptions = (
				334763162D5184DF0078FCB4 /* Exceptions for "App Intent Extension" folder in "Bhagavad Gita Verses" target */,
				331940112DCFEFE7005051B0 /* Exceptions for "App Intent Extension" folder in "Widgets" target */,
				334762EC2D5071400078FCB4 /* Exceptions for "App Intent Extension" folder in "App Intent Extension" target */,
			);
			path = "App Intent Extension";
			sourceTree = "<group>";
		};
/* End PBXFileSystemSynchronizedRootGroup section */

/* Begin PBXFrameworksBuildPhase section */
		33440B212D263D6E007321E2 /* Frameworks */ = {
			isa = PBXFrameworksBuildPhase;
			buildActionMask = 2147483647;
			files = (
				335445C42DE42E68000D38E2 /* Algorithms in Frameworks */,
			);
			runOnlyForDeploymentPostprocessing = 0;
		};
		33440B362D263E89007321E2 /* Frameworks */ = {
			isa = PBXFrameworksBuildPhase;
			buildActionMask = 2147483647;
			files = (
				335445C72DE42F1A000D38E2 /* Algorithms in Frameworks */,
				33440B3E2D263E8A007321E2 /* SwiftUI.framework in Frameworks */,
				33440B3C2D263E8A007321E2 /* WidgetKit.framework in Frameworks */,
			);
			runOnlyForDeploymentPostprocessing = 0;
		};
		334762DF2D5071400078FCB4 /* Frameworks */ = {
			isa = PBXFrameworksBuildPhase;
			buildActionMask = 2147483647;
			files = (
			);
			runOnlyForDeploymentPostprocessing = 0;
		};
/* End PBXFrameworksBuildPhase section */

/* Begin PBXGroup section */
		33440B1B2D263D6E007321E2 = {
			isa = PBXGroup;
			children = (
				334762CC2D4F5A3C0078FCB4 /* Bhagavad Gita Verses App */,
				334762D72D4F5B1B0078FCB4 /* Widget Extension */,
				334762E32D5071400078FCB4 /* App Intent Extension */,
				33440B3A2D263E89007321E2 /* Frameworks */,
				33440B252D263D6E007321E2 /* Products */,
				334762DD2D506F6C0078FCB4 /* Shared */,
			);
			sourceTree = "<group>";
		};
		33440B252D263D6E007321E2 /* Products */ = {
			isa = PBXGroup;
			children = (
				33440B242D263D6E007321E2 /* Bhagavad Gita Verses.app */,
				33440B392D263E89007321E2 /* Widgets.appex */,
				334762E22D5071400078FCB4 /* App Intent Extension.appex */,
			);
			name = Products;
			sourceTree = "<group>";
		};
		33440B3A2D263E89007321E2 /* Frameworks */ = {
			isa = PBXGroup;
			children = (
				33440B3B2D263E89007321E2 /* WidgetKit.framework */,
				33440B3D2D263E8A007321E2 /* SwiftUI.framework */,
			);
			name = Frameworks;
			sourceTree = "<group>";
		};
		334762C72D4F5A3C0078FCB4 /* Preview Content */ = {
			isa = PBXGroup;
			children = (
				334762C62D4F5A3C0078FCB4 /* Preview Assets.xcassets */,
			);
			path = "Preview Content";
			sourceTree = "<group>";
		};
		334762CC2D4F5A3C0078FCB4 /* Bhagavad Gita Verses App */ = {
			isa = PBXGroup;
			children = (
				334762C72D4F5A3C0078FCB4 /* Preview Content */,
				334762C82D4F5A3C0078FCB4 /* Assets.xcassets */,
				334762C92D4F5A3C0078FCB4 /* BhagavadGitaApp.swift */,
				334762CA2D4F5A3C0078FCB4 /* Info.plist */,
				334762CB2D4F5A3C0078FCB4 /* VerseView.swift */,
			);
			path = "Bhagavad Gita Verses App";
			sourceTree = "<group>";
		};
		334762D72D4F5B1B0078FCB4 /* Widget Extension */ = {
			isa = PBXGroup;
			children = (
				33DB9A6A2DF6BD0F00DB8935 /* HomescreenQuoteWidget.swift */,
				33DB9A682DF6BAF300DB8935 /* QuoteWidgetProvider.swift */,
				33182E092DD58B7400A82202 /* VerseWidgetProvider.swift */,
				334762D22D4F5B1B0078FCB4 /* Assets.xcassets */,
				33182E052DD5893A00A82202 /* HomescreenVerseWidget.swift */,
				334762D32D4F5B1B0078FCB4 /* ControlWidget.swift */,
				334762D42D4F5B1B0078FCB4 /* Info.plist */,
				334762D52D4F5B1B0078FCB4 /* LockscreenQuoteWidget.swift */,
				33A7D3E62DD97D7500900DFF /* LockscreenEasyViewQuoteWidget.swift */,
				334762D62D4F5B1B0078FCB4 /* WidgetBundle.swift */,
			);
			path = "Widget Extension";
			sourceTree = "<group>";
		};
		334762DD2D506F6C0078FCB4 /* Shared */ = {
			isa = PBXGroup;
			children = (
				339B0B0E2DE0307600BFC39D /* Resources */,
				3360D53C2DC5C06600FC57B0 /* Deeplinking */,
				33FF16CA2D28FA5C006E9888 /* Model */,
				366F74C52E62A80F0013079A /* Inference */,
			);
			path = Shared;
			sourceTree = "<group>";
		};
		3360D53C2DC5C06600FC57B0 /* Deeplinking */ = {
			isa = PBXGroup;
			children = (
				3360D5532DC5C47100FC57B0 /* DeeplinkCoordinator.swift */,
				3360D54F2DC5C33E00FC57B0 /* DeeplinkConstants.swift */,
			);
			path = Deeplinking;
			sourceTree = "<group>";
		};
		339B0B072DE0307600BFC39D /* EB_Garamond */ = {
			isa = PBXGroup;
			children = (
				339B0B062DE0307600BFC39D /* EBGaramond-VariableFont_wght.ttf */,
			);
			path = EB_Garamond;
			sourceTree = "<group>";
		};
		339B0B092DE0307600BFC39D /* Fonts */ = {
			isa = PBXGroup;
			children = (
				339B0B072DE0307600BFC39D /* EB_Garamond */,
				339B0B082DE0307600BFC39D /* Fonts.swift */,
			);
			path = Fonts;
			sourceTree = "<group>";
		};
		339B0B0E2DE0307600BFC39D /* Resources */ = {
			isa = PBXGroup;
			children = (
				339B0B092DE0307600BFC39D /* Fonts */,
				339B0B0A2DE0307600BFC39D /* Colors.swift */,
				339B0B0B2DE0307600BFC39D /* Verses.swift */,
				339B0B0C2DE0307600BFC39D /* verses-formatted.json */,
				33E6E6B22DEE7BDE005B80E6 /* quotes-formatted.json */,
				339B0B0D2DE0307600BFC39D /* VersesInfo.swift */,
			);
			path = Resources;
			sourceTree = "<group>";
		};
		33FF16CA2D28FA5C006E9888 /* Model */ = {
			isa = PBXGroup;
			children = (
				3310A48D2DEF606700EBBA15 /* FileReader.swift */,
				339B0B032DE0267F00BFC39D /* BookmarkedVersesModel.swift */,
				33FF16CB2D28FA67006E9888 /* QuoteModel.swift */,
				33B4A9F32D2DF2A300AE1044 /* VersesReader.swift */,
				3310A48A2DEE9F2900EBBA15 /* QuoteReader.swift */,
			);
			path = Model;
			sourceTree = "<group>";
		};
		366F74AA2E62A80F0013079A /* Model */ = {
			isa = PBXGroup;
			children = (
				366F74A92E62A80F0013079A /* MiniLML6CE.mlpackage */,
			);
			path = Model;
			sourceTree = "<group>";
		};
		366F74AF2E62A80F0013079A /* Tokenizer */ = {
			isa = PBXGroup;
			children = (
				366F74AB2E62A80F0013079A /* special_tokens_map_ce.json */,
				366F74AC2E62A80F0013079A /* tokenizer_ce.json */,
				366F74AD2E62A80F0013079A /* tokenizer_config_ce.json */,
				366F74AE2E62A80F0013079A /* vocab_ce.txt */,
			);
			path = Tokenizer;
			sourceTree = "<group>";
		};
		366F74B02E62A80F0013079A /* cross-encoder */ = {
			isa = PBXGroup;
			children = (
				366F74AA2E62A80F0013079A /* Model */,
				366F74AF2E62A80F0013079A /* Tokenizer */,
			);
			path = "cross-encoder";
			sourceTree = "<group>";
		};
		366F74B32E62A80F0013079A /* Index */ = {
			isa = PBXGroup;
			children = (
				366F74B12E62A80F0013079A /* lessons_f32.bin */,
				366F74B22E62A80F0013079A /* lessons_meta.json */,
			);
			path = Index;
			sourceTree = "<group>";
		};
		366F74B62E62A80F0013079A /* Model */ = {
			isa = PBXGroup;
			children = (
				366F74B42E62A80F0013079A /* E5Embedder.swift */,
				366F74B52E62A80F0013079A /* E5SmallV2.mlpackage */,
			);
			path = Model;
			sourceTree = "<group>";
		};
		366F74BB2E62A80F0013079A /* Tokenizer */ = {
			isa = PBXGroup;
			children = (
				366F74B72E62A80F0013079A /* special_tokens_map_retriever.json */,
				366F74B82E62A80F0013079A /* tokenizer_config_retriever.json */,
				366F74B92E62A80F0013079A /* tokenizer_retriever.json */,
				366F74BA2E62A80F0013079A /* vocab_retriever.txt */,
			);
			path = Tokenizer;
			sourceTree = "<group>";
		};
		366F74BD2E62A80F0013079A /* Retriever */ = {
			isa = PBXGroup;
			children = (
				366F74B32E62A80F0013079A /* Index */,
				366F74B62E62A80F0013079A /* Model */,
				366F74BB2E62A80F0013079A /* Tokenizer */,
				366F74BC2E62A80F0013079A /* RetrieverEmbeddingIndex.swift */,
			);
			path = Retriever;
			sourceTree = "<group>";
		};
		366F74C42E62A80F0013079A /* swift */ = {
			isa = PBXGroup;
			children = (
				366F74BE2E62A80F0013079A /* E5RetrieverEmbedder.swift */,
				366F74BF2E62A80F0013079A /* LessonEmbeddingIndex.swift */,
				366F74C02E62A80F0013079A /* LessonSearchHelper.swift */,
				366F74C12E62A80F0013079A /* MiniLMReranker.swift */,
				366F74C22E62A80F0013079A /* PairWordPieceTokenizer.swift */,
				366F74C32E62A80F0013079A /* RetrieverWordPieceTokenizer.swift */,
			);
			path = swift;
			sourceTree = "<group>";
		};
		366F74C52E62A80F0013079A /* Inference */ = {
			isa = PBXGroup;
			children = (
				366F74B02E62A80F0013079A /* cross-encoder */,
				366F74BD2E62A80F0013079A /* Retriever */,
				366F74C42E62A80F0013079A /* swift */,
			);
			path = Inference;
			sourceTree = "<group>";
		};
/* End PBXGroup section */

/* Begin PBXNativeTarget section */
		33440B232D263D6E007321E2 /* Bhagavad Gita Verses */ = {
			isa = PBXNativeTarget;
			buildConfigurationList = 33440B322D263D74007321E2 /* Build configuration list for PBXNativeTarget "Bhagavad Gita Verses" */;
			buildPhases = (
				33440B202D263D6E007321E2 /* Sources */,
				33440B212D263D6E007321E2 /* Frameworks */,
				33440B222D263D6E007321E2 /* Resources */,
				33440B502D263E8E007321E2 /* Embed Foundation Extensions */,
				334762F02D5071400078FCB4 /* Embed ExtensionKit Extensions */,
				3360D54E2DC5C33500FC57B0 /* Embed Frameworks */,
			);
			buildRules = (
			);
			dependencies = (
				33440B4A2D263E8E007321E2 /* PBXTargetDependency */,
				334762EA2D5071400078FCB4 /* PBXTargetDependency */,
			);
			name = "Bhagavad Gita Verses";
			packageProductDependencies = (
				335445C32DE42E68000D38E2 /* Algorithms */,
			);
			productName = LockScreenWidgetSample;
			productReference = 33440B242D263D6E007321E2 /* Bhagavad Gita Verses.app */;
			productType = "com.apple.product-type.application";
		};
		33440B382D263E89007321E2 /* Widgets */ = {
			isa = PBXNativeTarget;
			buildConfigurationList = 33440B4D2D263E8E007321E2 /* Build configuration list for PBXNativeTarget "Widgets" */;
			buildPhases = (
				33440B352D263E89007321E2 /* Sources */,
				33440B362D263E89007321E2 /* Frameworks */,
				33440B372D263E89007321E2 /* Resources */,
			);
			buildRules = (
			);
			dependencies = (
			);
			name = Widgets;
			packageProductDependencies = (
				335445C62DE42F1A000D38E2 /* Algorithms */,
			);
			productName = exampleExtension;
			productReference = 33440B392D263E89007321E2 /* Widgets.appex */;
			productType = "com.apple.product-type.app-extension";
		};
		334762E12D5071400078FCB4 /* App Intent Extension */ = {
			isa = PBXNativeTarget;
			buildConfigurationList = 334762ED2D5071400078FCB4 /* Build configuration list for PBXNativeTarget "App Intent Extension" */;
			buildPhases = (
				334762DE2D5071400078FCB4 /* Sources */,
				334762DF2D5071400078FCB4 /* Frameworks */,
				334762E02D5071400078FCB4 /* Resources */,
			);
			buildRules = (
			);
			dependencies = (
			);
			fileSystemSynchronizedGroups = (
				334762E32D5071400078FCB4 /* App Intent Extension */,
			);
			name = "App Intent Extension";
			packageProductDependencies = (
			);
			productName = "App Intent Extension";
			productReference = 334762E22D5071400078FCB4 /* App Intent Extension.appex */;
			productType = "com.apple.product-type.extensionkit-extension";
		};
/* End PBXNativeTarget section */

/* Begin PBXProject section */
		33440B1C2D263D6E007321E2 /* Project object */ = {
			isa = PBXProject;
			attributes = {
				BuildIndependentTargetsInParallel = 1;
				LastSwiftUpdateCheck = 1620;
				LastUpgradeCheck = 1620;
				TargetAttributes = {
					33440B232D263D6E007321E2 = {
						CreatedOnToolsVersion = 16.2;
					};
					33440B382D263E89007321E2 = {
						CreatedOnToolsVersion = 16.2;
					};
					334762E12D5071400078FCB4 = {
						CreatedOnToolsVersion = 16.2;
					};
				};
			};
			buildConfigurationList = 33440B1F2D263D6E007321E2 /* Build configuration list for PBXProject "Bhagavad Gita Verses" */;
			developmentRegion = en;
			hasScannedForEncodings = 0;
			knownRegions = (
				en,
				Base,
			);
			mainGroup = 33440B1B2D263D6E007321E2;
			minimizedProjectReferenceProxies = 1;
			packageReferences = (
				335445C22DE42DFE000D38E2 /* XCRemoteSwiftPackageReference "swift-algorithms" */,
			);
			preferredProjectObjectVersion = 77;
			productRefGroup = 33440B252D263D6E007321E2 /* Products */;
			projectDirPath = "";
			projectRoot = "";
			targets = (
				33440B232D263D6E007321E2 /* Bhagavad Gita Verses */,
				33440B382D263E89007321E2 /* Widgets */,
				334762E12D5071400078FCB4 /* App Intent Extension */,
			);
		};
/* End PBXProject section */

/* Begin PBXResourcesBuildPhase section */
		33440B222D263D6E007321E2 /* Resources */ = {
			isa = PBXResourcesBuildPhase;
			buildActionMask = 2147483647;
			files = (
				334762CE2D4F5A3C0078FCB4 /* Preview Assets.xcassets in Resources */,
				33E6E6B32DEE7BDE005B80E6 /* quotes-formatted.json in Resources */,
				334762CF2D4F5A3C0078FCB4 /* Assets.xcassets in Resources */,
				339B0B192DE0307600BFC39D /* EBGaramond-VariableFont_wght.ttf in Resources */,
				339B0B1A2DE0307600BFC39D /* verses-formatted.json in Resources */,
				366F74DA2E62A80F0013079A /* tokenizer_config_retriever.json in Resources */,
				366F74DB2E62A80F0013079A /* vocab_retriever.txt in Resources */,
				366F74DC2E62A80F0013079A /* tokenizer_config_ce.json in Resources */,
				366F74DD2E62A80F0013079A /* vocab_ce.txt in Resources */,
				366F74DE2E62A80F0013079A /* lessons_meta.json in Resources */,
				366F74DF2E62A80F0013079A /* lessons_f32.bin in Resources */,
				366F74E02E62A80F0013079A /* tokenizer_retriever.json in Resources */,
				366F74E12E62A80F0013079A /* special_tokens_map_retriever.json in Resources */,
				366F74E22E62A80F0013079A /* special_tokens_map_ce.json in Resources */,
				366F74E32E62A80F0013079A /* tokenizer_ce.json in Resources */,
			);
			runOnlyForDeploymentPostprocessing = 0;
		};
		33440B372D263E89007321E2 /* Resources */ = {
			isa = PBXResourcesBuildPhase;
			buildActionMask = 2147483647;
			files = (
				33E6E6B42DEE7BDE005B80E6 /* quotes-formatted.json in Resources */,
				339B0B0F2DE0307600BFC39D /* EBGaramond-VariableFont_wght.ttf in Resources */,
				339B0B102DE0307600BFC39D /* verses-formatted.json in Resources */,
				334762D92D4F5B1B0078FCB4 /* Assets.xcassets in Resources */,
			);
			runOnlyForDeploymentPostprocessing = 0;
		};
		334762E02D5071400078FCB4 /* Resources */ = {
			isa = PBXResourcesBuildPhase;
			buildActionMask = 2147483647;
			files = (
			);
			runOnlyForDeploymentPostprocessing = 0;
		};
/* End PBXResourcesBuildPhase section */

/* Begin PBXSourcesBuildPhase section */
		33440B202D263D6E007321E2 /* Sources */ = {
			isa = PBXSourcesBuildPhase;
			buildActionMask = 2147483647;
			files = (
				339B0B152DE0307600BFC39D /* Verses.swift in Sources */,
				339B0B162DE0307600BFC39D /* Colors.swift in Sources */,
				3310A48F2DEF606A00EBBA15 /* FileReader.swift in Sources */,
				339B0B172DE0307600BFC39D /* VersesInfo.swift in Sources */,
				339B0B182DE0307600BFC39D /* Fonts.swift in Sources */,
				337BB69B2DCD9B5E00F5EF82 /* DeeplinkConstants.swift in Sources */,
				337BB69A2DCD9B3200F5EF82 /* DeeplinkCoordinator.swift in Sources */,
				3310A48B2DEE9F2D00EBBA15 /* QuoteReader.swift in Sources */,
				33B4A9F52D2DF2A700AE1044 /* VersesReader.swift in Sources */,
				334762D02D4F5A3C0078FCB4 /* BhagavadGitaApp.swift in Sources */,
				366F74E42E62A80F0013079A /* MiniLMReranker.swift in Sources */,
				366F74E52E62A80F0013079A /* PairWordPieceTokenizer.swift in Sources */,
				366F74E62E62A80F0013079A /* E5SmallV2.mlpackage in Sources */,
				366F74E82E62A80F0013079A /* LessonSearchHelper.swift in Sources */,
				366F74E92E62A80F0013079A /* RetrieverWordPieceTokenizer.swift in Sources */,
				366F74EA2E62A80F0013079A /* LessonEmbeddingIndex.swift in Sources */,
				366F74EB2E62A80F0013079A /* MiniLML6CE.mlpackage in Sources */,
				366F74EC2E62A80F0013079A /* E5RetrieverEmbedder.swift in Sources */,
				366F74ED2E62A80F0013079A /* RetrieverEmbeddingIndex.swift in Sources */,
				334762D12D4F5A3C0078FCB4 /* VerseView.swift in Sources */,
				33FF16CC2D28FA83006E9888 /* QuoteModel.swift in Sources */,
				339B0B052DE0268500BFC39D /* BookmarkedVersesModel.swift in Sources */,
			);
			runOnlyForDeploymentPostprocessing = 0;
		};
		33440B352D263E89007321E2 /* Sources */ = {
			isa = PBXSourcesBuildPhase;
			buildActionMask = 2147483647;
			files = (
				337BB69C2DCD9B7C00F5EF82 /* DeeplinkConstants.swift in Sources */,
				33A7D3E72DD97D7500900DFF /* LockscreenEasyViewQuoteWidget.swift in Sources */,
				334762DA2D4F5B1B0078FCB4 /* WidgetBundle.swift in Sources */,
				339B0B112DE0307600BFC39D /* Verses.swift in Sources */,
				339B0B122DE0307600BFC39D /* Colors.swift in Sources */,
				335445C52DE42EF0000D38E2 /* BookmarkedVersesModel.swift in Sources */,
				33DB9A692DF6BAF900DB8935 /* QuoteWidgetProvider.swift in Sources */,
				339B0B132DE0307600BFC39D /* VersesInfo.swift in Sources */,
				339B0B142DE0307600BFC39D /* Fonts.swift in Sources */,
				3310A48E2DEF606A00EBBA15 /* FileReader.swift in Sources */,
				334762DB2D4F5B1B0078FCB4 /* LockscreenQuoteWidget.swift in Sources */,
				33DB9A6B2DF6BD0F00DB8935 /* HomescreenQuoteWidget.swift in Sources */,
				334762DC2D4F5B1B0078FCB4 /* ControlWidget.swift in Sources */,
				33B4A9F62D2DF2A700AE1044 /* VersesReader.swift in Sources */,
				33FF16D02D28FD5C006E9888 /* QuoteModel.swift in Sources */,
				3310A48C2DEE9F2D00EBBA15 /* QuoteReader.swift in Sources */,
				33182E0C2DD58E4100A82202 /* VerseWidgetProvider.swift in Sources */,
				33182E082DD58B6000A82202 /* HomescreenVerseWidget.swift in Sources */,
			);
			runOnlyForDeploymentPostprocessing = 0;
		};
		334762DE2D5071400078FCB4 /* Sources */ = {
			isa = PBXSourcesBuildPhase;
			buildActionMask = 2147483647;
			files = (
				337BB69D2DCD9B7C00F5EF82 /* DeeplinkConstants.swift in Sources */,
			);
			runOnlyForDeploymentPostprocessing = 0;
		};
/* End PBXSourcesBuildPhase section */

/* Begin PBXTargetDependency section */
		33440B4A2D263E8E007321E2 /* PBXTargetDependency */ = {
			isa = PBXTargetDependency;
			target = 33440B382D263E89007321E2 /* Widgets */;
			targetProxy = 33440B492D263E8E007321E2 /* PBXContainerItemProxy */;
		};
		334762EA2D5071400078FCB4 /* PBXTargetDependency */ = {
			isa = PBXTargetDependency;
			target = 334762E12D5071400078FCB4 /* App Intent Extension */;
			targetProxy = 334762E92D5071400078FCB4 /* PBXContainerItemProxy */;
		};
/* End PBXTargetDependency section */

/* Begin XCBuildConfiguration section */
		33440B302D263D74007321E2 /* Debug */ = {
			isa = XCBuildConfiguration;
			buildSettings = {
				ALWAYS_SEARCH_USER_PATHS = NO;
				ASSETCATALOG_COMPILER_GENERATE_SWIFT_ASSET_SYMBOL_EXTENSIONS = YES;
				CLANG_ANALYZER_NONNULL = YES;
				CLANG_ANALYZER_NUMBER_OBJECT_CONVERSION = YES_AGGRESSIVE;
				CLANG_CXX_LANGUAGE_STANDARD = "gnu++20";
				CLANG_ENABLE_MODULES = YES;
				CLANG_ENABLE_OBJC_ARC = YES;
				CLANG_ENABLE_OBJC_WEAK = YES;
				CLANG_WARN_BLOCK_CAPTURE_AUTORELEASING = YES;
				CLANG_WARN_BOOL_CONVERSION = YES;
				CLANG_WARN_COMMA = YES;
				CLANG_WARN_CONSTANT_CONVERSION = YES;
				CLANG_WARN_DEPRECATED_OBJC_IMPLEMENTATIONS = YES;
				CLANG_WARN_DIRECT_OBJC_ISA_USAGE = YES_ERROR;
				CLANG_WARN_DOCUMENTATION_COMMENTS = YES;
				CLANG_WARN_EMPTY_BODY = YES;
				CLANG_WARN_ENUM_CONVERSION = YES;
				CLANG_WARN_INFINITE_RECURSION = YES;
				CLANG_WARN_INT_CONVERSION = YES;
				CLANG_WARN_NON_LITERAL_NULL_CONVERSION = YES;
				CLANG_WARN_OBJC_IMPLICIT_RETAIN_SELF = YES;
				CLANG_WARN_OBJC_LITERAL_CONVERSION = YES;
				CLANG_WARN_OBJC_ROOT_CLASS = YES_ERROR;
				CLANG_WARN_QUOTED_INCLUDE_IN_FRAMEWORK_HEADER = YES;
				CLANG_WARN_RANGE_LOOP_ANALYSIS = YES;
				CLANG_WARN_STRICT_PROTOTYPES = YES;
				CLANG_WARN_SUSPICIOUS_MOVE = YES;
				CLANG_WARN_UNGUARDED_AVAILABILITY = YES_AGGRESSIVE;
				CLANG_WARN_UNREACHABLE_CODE = YES;
				CLANG_WARN__DUPLICATE_METHOD_MATCH = YES;
				COPY_PHASE_STRIP = NO;
				DEBUG_INFORMATION_FORMAT = dwarf;
				ENABLE_STRICT_OBJC_MSGSEND = YES;
				ENABLE_TESTABILITY = YES;
				ENABLE_USER_SCRIPT_SANDBOXING = YES;
				GCC_C_LANGUAGE_STANDARD = gnu17;
				GCC_DYNAMIC_NO_PIC = NO;
				GCC_NO_COMMON_BLOCKS = YES;
				GCC_OPTIMIZATION_LEVEL = 0;
				GCC_PREPROCESSOR_DEFINITIONS = (
					"DEBUG=1",
					"$(inherited)",
				);
				GCC_WARN_64_TO_32_BIT_CONVERSION = YES;
				GCC_WARN_ABOUT_RETURN_TYPE = YES_ERROR;
				GCC_WARN_UNDECLARED_SELECTOR = YES;
				GCC_WARN_UNINITIALIZED_AUTOS = YES_AGGRESSIVE;
				GCC_WARN_UNUSED_FUNCTION = YES;
				GCC_WARN_UNUSED_VARIABLE = YES;
				IPHONEOS_DEPLOYMENT_TARGET = 18.0;
				LOCALIZATION_PREFERS_STRING_CATALOGS = YES;
				MTL_ENABLE_DEBUG_INFO = INCLUDE_SOURCE;
				MTL_FAST_MATH = YES;
				ONLY_ACTIVE_ARCH = YES;
				SDKROOT = iphoneos;
				SWIFT_ACTIVE_COMPILATION_CONDITIONS = "DEBUG $(inherited)";
				SWIFT_OPTIMIZATION_LEVEL = "-Onone";
			};
			name = Debug;
		};
		33440B312D263D74007321E2 /* Release */ = {
			isa = XCBuildConfiguration;
			buildSettings = {
				ALWAYS_SEARCH_USER_PATHS = NO;
				ASSETCATALOG_COMPILER_GENERATE_SWIFT_ASSET_SYMBOL_EXTENSIONS = YES;
				CLANG_ANALYZER_NONNULL = YES;
				CLANG_ANALYZER_NUMBER_OBJECT_CONVERSION = YES_AGGRESSIVE;
				CLANG_CXX_LANGUAGE_STANDARD = "gnu++20";
				CLANG_ENABLE_MODULES = YES;
				CLANG_ENABLE_OBJC_ARC = YES;
				CLANG_ENABLE_OBJC_WEAK = YES;
				CLANG_WARN_BLOCK_CAPTURE_AUTORELEASING = YES;
				CLANG_WARN_BOOL_CONVERSION = YES;
				CLANG_WARN_COMMA = YES;
				CLANG_WARN_CONSTANT_CONVERSION = YES;
				CLANG_WARN_DEPRECATED_OBJC_IMPLEMENTATIONS = YES;
				CLANG_WARN_DIRECT_OBJC_ISA_USAGE = YES_ERROR;
				CLANG_WARN_DOCUMENTATION_COMMENTS = YES;
				CLANG_WARN_EMPTY_BODY = YES;
				CLANG_WARN_ENUM_CONVERSION = YES;
				CLANG_WARN_INFINITE_RECURSION = YES;
				CLANG_WARN_INT_CONVERSION = YES;
				CLANG_WARN_NON_LITERAL_NULL_CONVERSION = YES;
				CLANG_WARN_OBJC_IMPLICIT_RETAIN_SELF = YES;
				CLANG_WARN_OBJC_LITERAL_CONVERSION = YES;
				CLANG_WARN_OBJC_ROOT_CLASS = YES_ERROR;
				CLANG_WARN_QUOTED_INCLUDE_IN_FRAMEWORK_HEADER = YES;
				CLANG_WARN_RANGE_LOOP_ANALYSIS = YES;
				CLANG_WARN_STRICT_PROTOTYPES = YES;
				CLANG_WARN_SUSPICIOUS_MOVE = YES;
				CLANG_WARN_UNGUARDED_AVAILABILITY = YES_AGGRESSIVE;
				CLANG_WARN_UNREACHABLE_CODE = YES;
				CLANG_WARN__DUPLICATE_METHOD_MATCH = YES;
				COPY_PHASE_STRIP = NO;
				DEBUG_INFORMATION_FORMAT = "dwarf-with-dsym";
				ENABLE_NS_ASSERTIONS = NO;
				ENABLE_STRICT_OBJC_MSGSEND = YES;
				ENABLE_USER_SCRIPT_SANDBOXING = YES;
				GCC_C_LANGUAGE_STANDARD = gnu17;
				GCC_NO_COMMON_BLOCKS = YES;
				GCC_WARN_64_TO_32_BIT_CONVERSION = YES;
				GCC_WARN_ABOUT_RETURN_TYPE = YES_ERROR;
				GCC_WARN_UNDECLARED_SELECTOR = YES;
				GCC_WARN_UNINITIALIZED_AUTOS = YES_AGGRESSIVE;
				GCC_WARN_UNUSED_FUNCTION = YES;
				GCC_WARN_UNUSED_VARIABLE = YES;
				IPHONEOS_DEPLOYMENT_TARGET = 18.0;
				LOCALIZATION_PREFERS_STRING_CATALOGS = YES;
				MTL_ENABLE_DEBUG_INFO = NO;
				MTL_FAST_MATH = YES;
				SDKROOT = iphoneos;
				SWIFT_COMPILATION_MODE = wholemodule;
				VALIDATE_PRODUCT = YES;
			};
			name = Release;
		};
		33440B332D263D74007321E2 /* Debug */ = {
			isa = XCBuildConfiguration;
			buildSettings = {
				ASSETCATALOG_COMPILER_APPICON_NAME = AppIcon;
				ASSETCATALOG_COMPILER_GLOBAL_ACCENT_COLOR_NAME = AccentColor;
				CODE_SIGN_IDENTITY = "Apple Development";
				CODE_SIGN_STYLE = Automatic;
				CURRENT_PROJECT_VERSION = 1;
				DEVELOPMENT_ASSET_PATHS = "\"Bhagavad Gita Verses app/Preview Content\"";
				DEVELOPMENT_TEAM = FMDJTXM4W7;
				ENABLE_PREVIEWS = YES;
				GENERATE_INFOPLIST_FILE = YES;
				INFOPLIST_FILE = "Bhagavad Gita Verses app/Info.plist";
				INFOPLIST_KEY_CFBundleDisplayName = "Gita Verses";
				INFOPLIST_KEY_UIApplicationSceneManifest_Generation = YES;
				INFOPLIST_KEY_UIApplicationSupportsIndirectInputEvents = YES;
				INFOPLIST_KEY_UISupportedInterfaceOrientations = UIInterfaceOrientationPortrait;
				IPHONEOS_DEPLOYMENT_TARGET = 18.0;
				LD_RUNPATH_SEARCH_PATHS = (
					"$(inherited)",
					"@executable_path/Frameworks",
				);
				MARKETING_VERSION = 1.0;
				PRODUCT_BUNDLE_IDENTIFIER = Sne.LockScreenWidgetSample;
				PRODUCT_NAME = "$(TARGET_NAME)";
				PROVISIONING_PROFILE_SPECIFIER = "";
				SWIFT_EMIT_LOC_STRINGS = YES;
				SWIFT_VERSION = 5.0;
				TARGETED_DEVICE_FAMILY = "1,2";
			};
			name = Debug;
		};
		33440B342D263D74007321E2 /* Release */ = {
			isa = XCBuildConfiguration;
			buildSettings = {
				ASSETCATALOG_COMPILER_APPICON_NAME = AppIcon;
				ASSETCATALOG_COMPILER_GLOBAL_ACCENT_COLOR_NAME = AccentColor;
				CODE_SIGN_IDENTITY = "Apple Development";
				CODE_SIGN_STYLE = Automatic;
				CURRENT_PROJECT_VERSION = 1;
				DEVELOPMENT_ASSET_PATHS = "\"Bhagavad Gita Verses app/Preview Content\"";
				DEVELOPMENT_TEAM = FMDJTXM4W7;
				ENABLE_PREVIEWS = YES;
				GENERATE_INFOPLIST_FILE = YES;
				INFOPLIST_FILE = "Bhagavad Gita Verses app/Info.plist";
				INFOPLIST_KEY_CFBundleDisplayName = "Gita Verses";
				INFOPLIST_KEY_UIApplicationSceneManifest_Generation = YES;
				INFOPLIST_KEY_UIApplicationSupportsIndirectInputEvents = YES;
				INFOPLIST_KEY_UISupportedInterfaceOrientations = UIInterfaceOrientationPortrait;
				IPHONEOS_DEPLOYMENT_TARGET = 18.0;
				LD_RUNPATH_SEARCH_PATHS = (
					"$(inherited)",
					"@executable_path/Frameworks",
				);
				MARKETING_VERSION = 1.0;
				PRODUCT_BUNDLE_IDENTIFIER = Sne.LockScreenWidgetSample;
				PRODUCT_NAME = "$(TARGET_NAME)";
				PROVISIONING_PROFILE_SPECIFIER = "";
				SWIFT_EMIT_LOC_STRINGS = YES;
				SWIFT_VERSION = 5.0;
				TARGETED_DEVICE_FAMILY = "1,2";
			};
			name = Release;
		};
		33440B4E2D263E8E007321E2 /* Debug */ = {
			isa = XCBuildConfiguration;
			buildSettings = {
				ASSETCATALOG_COMPILER_GLOBAL_ACCENT_COLOR_NAME = AccentColor;
				ASSETCATALOG_COMPILER_WIDGET_BACKGROUND_COLOR_NAME = WidgetBackground;
				CODE_SIGN_STYLE = Automatic;
				CURRENT_PROJECT_VERSION = 1;
				DEVELOPMENT_TEAM = FMDJTXM4W7;
				GENERATE_INFOPLIST_FILE = YES;
				INFOPLIST_FILE = "Widget Extension/Info.plist";
				INFOPLIST_KEY_CFBundleDisplayName = example;
				INFOPLIST_KEY_NSHumanReadableCopyright = "";
				LD_RUNPATH_SEARCH_PATHS = (
					"$(inherited)",
					"@executable_path/Frameworks",
					"@executable_path/../../Frameworks",
				);
				MARKETING_VERSION = 1.0;
				PRODUCT_BUNDLE_IDENTIFIER = Sne.LockScreenWidgetSample.example;
				PRODUCT_NAME = "$(TARGET_NAME)";
				SKIP_INSTALL = YES;
				SWIFT_EMIT_LOC_STRINGS = YES;
				SWIFT_VERSION = 5.0;
				TARGETED_DEVICE_FAMILY = "1,2";
			};
			name = Debug;
		};
		33440B4F2D263E8E007321E2 /* Release */ = {
			isa = XCBuildConfiguration;
			buildSettings = {
				ASSETCATALOG_COMPILER_GLOBAL_ACCENT_COLOR_NAME = AccentColor;
				ASSETCATALOG_COMPILER_WIDGET_BACKGROUND_COLOR_NAME = WidgetBackground;
				CODE_SIGN_STYLE = Automatic;
				CURRENT_PROJECT_VERSION = 1;
				DEVELOPMENT_TEAM = FMDJTXM4W7;
				GENERATE_INFOPLIST_FILE = YES;
				INFOPLIST_FILE = "Widget Extension/Info.plist";
				INFOPLIST_KEY_CFBundleDisplayName = example;
				INFOPLIST_KEY_NSHumanReadableCopyright = "";
				LD_RUNPATH_SEARCH_PATHS = (
					"$(inherited)",
					"@executable_path/Frameworks",
					"@executable_path/../../Frameworks",
				);
				MARKETING_VERSION = 1.0;
				PRODUCT_BUNDLE_IDENTIFIER = Sne.LockScreenWidgetSample.example;
				PRODUCT_NAME = "$(TARGET_NAME)";
				SKIP_INSTALL = YES;
				SWIFT_EMIT_LOC_STRINGS = YES;
				SWIFT_VERSION = 5.0;
				TARGETED_DEVICE_FAMILY = "1,2";
			};
			name = Release;
		};
		334762EE2D5071400078FCB4 /* Debug */ = {
			isa = XCBuildConfiguration;
			buildSettings = {
				CODE_SIGN_IDENTITY = "Apple Development";
				CODE_SIGN_STYLE = Automatic;
				CURRENT_PROJECT_VERSION = 1;
				DEVELOPMENT_TEAM = FMDJTXM4W7;
				GENERATE_INFOPLIST_FILE = YES;
				INFOPLIST_FILE = "App Intent Extension/Info.plist";
				INFOPLIST_KEY_CFBundleDisplayName = "App Intent Extension";
				INFOPLIST_KEY_NSHumanReadableCopyright = "";
				LD_RUNPATH_SEARCH_PATHS = (
					"$(inherited)",
					"@executable_path/Frameworks",
					"@executable_path/../../Frameworks",
				);
				MARKETING_VERSION = 1.0;
				PRODUCT_BUNDLE_IDENTIFIER = "Sne.LockScreenWidgetSample.App-Intent-Extension";
				PRODUCT_NAME = "$(TARGET_NAME)";
				SKIP_INSTALL = YES;
				SWIFT_EMIT_LOC_STRINGS = YES;
				SWIFT_VERSION = 5.0;
				TARGETED_DEVICE_FAMILY = "1,2";
			};
			name = Debug;
		};
		334762EF2D5071400078FCB4 /* Release */ = {
			isa = XCBuildConfiguration;
			buildSettings = {
				CODE_SIGN_IDENTITY = "Apple Development";
				CODE_SIGN_STYLE = Automatic;
				CURRENT_PROJECT_VERSION = 1;
				DEVELOPMENT_TEAM = FMDJTXM4W7;
				GENERATE_INFOPLIST_FILE = YES;
				INFOPLIST_FILE = "App Intent Extension/Info.plist";
				INFOPLIST_KEY_CFBundleDisplayName = "App Intent Extension";
				INFOPLIST_KEY_NSHumanReadableCopyright = "";
				LD_RUNPATH_SEARCH_PATHS = (
					"$(inherited)",
					"@executable_path/Frameworks",
					"@executable_path/../../Frameworks",
				);
				MARKETING_VERSION = 1.0;
				PRODUCT_BUNDLE_IDENTIFIER = "Sne.LockScreenWidgetSample.App-Intent-Extension";
				PRODUCT_NAME = "$(TARGET_NAME)";
				SKIP_INSTALL = YES;
				SWIFT_EMIT_LOC_STRINGS = YES;
				SWIFT_VERSION = 5.0;
				TARGETED_DEVICE_FAMILY = "1,2";
			};
			name = Release;
		};
/* End XCBuildConfiguration section */

/* Begin XCConfigurationList section */
		33440B1F2D263D6E007321E2 /* Build configuration list for PBXProject "Bhagavad Gita Verses" */ = {
			isa = XCConfigurationList;
			buildConfigurations = (
				33440B302D263D74007321E2 /* Debug */,
				33440B312D263D74007321E2 /* Release */,
			);
			defaultConfigurationIsVisible = 0;
			defaultConfigurationName = Release;
		};
		33440B322D263D74007321E2 /* Build configuration list for PBXNativeTarget "Bhagavad Gita Verses" */ = {
			isa = XCConfigurationList;
			buildConfigurations = (
				33440B332D263D74007321E2 /* Debug */,
				33440B342D263D74007321E2 /* Release */,
			);
			defaultConfigurationIsVisible = 0;
			defaultConfigurationName = Release;
		};
		33440B4D2D263E8E007321E2 /* Build configuration list for PBXNativeTarget "Widgets" */ = {
			isa = XCConfigurationList;
			buildConfigurations = (
				33440B4E2D263E8E007321E2 /* Debug */,
				33440B4F2D263E8E007321E2 /* Release */,
			);
			defaultConfigurationIsVisible = 0;
			defaultConfigurationName = Release;
		};
		334762ED2D5071400078FCB4 /* Build configuration list for PBXNativeTarget "App Intent Extension" */ = {
			isa = XCConfigurationList;
			buildConfigurations = (
				334762EE2D5071400078FCB4 /* Debug */,
				334762EF2D5071400078FCB4 /* Release */,
			);
			defaultConfigurationIsVisible = 0;
			defaultConfigurationName = Release;
		};
/* End XCConfigurationList section */

/* Begin XCRemoteSwiftPackageReference section */
		335445C22DE42DFE000D38E2 /* XCRemoteSwiftPackageReference "swift-algorithms" */ = {
			isa = XCRemoteSwiftPackageReference;
			repositoryURL = "https://github.com/apple/swift-algorithms.git";
			requirement = {
				kind = upToNextMajorVersion;
				minimumVersion = 1.2.1;
			};
		};
/* End XCRemoteSwiftPackageReference section */

/* Begin XCSwiftPackageProductDependency section */
		335445C32DE42E68000D38E2 /* Algorithms */ = {
			isa = XCSwiftPackageProductDependency;
			package = 335445C22DE42DFE000D38E2 /* XCRemoteSwiftPackageReference "swift-algorithms" */;
			productName = Algorithms;
		};
		335445C62DE42F1A000D38E2 /* Algorithms */ = {
			isa = XCSwiftPackageProductDependency;
			package = 335445C22DE42DFE000D38E2 /* XCRemoteSwiftPackageReference "swift-algorithms" */;
			productName = Algorithms;
		};
/* End XCSwiftPackageProductDependency section */
	};
	rootObject = 33440B1C2D263D6E007321E2 /* Project object */;
}
